
Microsoft Visual Studio Solution File, Format Version 12.00
# Visual Studio Version 16
VisualStudioVersion = 16.0.30907.101
MinimumVisualStudioVersion = 10.0.40219.1
Project("{888888A0-9F3D-457C-B088-3A5042F75D52}") = "ZubrilaApp", "ZubrilaApp.pyproj", "{749566BD-E73C-48B3-B289-82EE4D3AB690}"
EndProject
Global
	GlobalSection(SolutionConfigurationPlatforms) = preSolution
		Debug|Any CPU = Debug|Any CPU
		Release|Any CPU = Release|Any CPU
	EndGlobalSection
	GlobalSection(ProjectConfigurationPlatforms) = postSolution
		{749566BD-E73C-48B3-B289-82EE4D3AB690}.Debug|Any CPU.ActiveCfg = Debug|Any CPU
		{749566BD-E73C-48B3-B289-82EE4D3AB690}.Release|Any CPU.ActiveCfg = Release|Any CPU
	EndGlobalSection
	GlobalSection(SolutionProperties) = preSolution
		HideSolutionNode = FALSE
	EndGlobalSection
	GlobalSection(ExtensibilityGlobals) = postSolution
		SolutionGuid = {15F2B1F9-7FD9-4942-8693-C483F2A8931C}
	EndGlobalSection
EndGlobal
